// !$*UTF8*$!
{
	archiveVersion = 1;
	classes = {
	};
	objectVersion = 77;
	objects = {

/* Begin PBXBuildFile section */
		F552BFFC2D5B394900A405FC /* SidebarItem.swift in Sources */ = {isa = PBXBuildFile; fileRef = F552BFFB2D5B394900A405FC /* SidebarItem.swift */; };
		F552C08D2D5B495600A405FC /* CategoryIconView.swift in Sources */ = {isa = PBXBuildFile; fileRef = F552C0652D5B495600A405FC /* CategoryIconView.swift */; };
		F552C08E2D5B495600A405FC /* HeaderView.swift in Sources */ = {isa = PBXBuildFile; fileRef = F552C0662D5B495600A405FC /* HeaderView.swift */; };
		F552C08F2D5B495600A405FC /* SelectDateTimeMenuView.swift in Sources */ = {isa = PBXBuildFile; fileRef = F552C0672D5B495600A405FC /* SelectDateTimeMenuView.swift */; };
		F552C0902D5B495600A405FC /* SelectDateView.swift in Sources */ = {isa = PBXBuildFile; fileRef = F552C0682D5B495600A405FC /* SelectDateView.swift */; };
		F552C0912D5B495600A405FC /* SelectTimeView.swift in Sources */ = {isa = PBXBuildFile; fileRef = F552C0692D5B495600A405FC /* SelectTimeView.swift */; };
		F552C0922D5B495600A405FC /* AddNewTaskView.swift in Sources */ = {isa = PBXBuildFile; fileRef = F552C06B2D5B495600A405FC /* AddNewTaskView.swift */; };
		F552C0932D5B495600A405FC /* AddNewTaskViewModel.swift in Sources */ = {isa = PBXBuildFile; fileRef = F552C06D2D5B495600A405FC /* AddNewTaskViewModel.swift */; };
		F552C0942D5B495600A405FC /* TodoItemView.swift in Sources */ = {isa = PBXBuildFile; fileRef = F552C0702D5B495600A405FC /* TodoItemView.swift */; };
		F552C0952D5B495600A405FC /* HomeView.swift in Sources */ = {isa = PBXBuildFile; fileRef = F552C0722D5B495600A405FC /* HomeView.swift */; };
		F552C0962D5B495600A405FC /* AllTaskViewModel.swift in Sources */ = {isa = PBXBuildFile; fileRef = F552C0742D5B495600A405FC /* AllTaskViewModel.swift */; };
		F552C0972D5B495600A405FC /* HelpView.swift in Sources */ = {isa = PBXBuildFile; fileRef = F552C0772D5B495600A405FC /* HelpView.swift */; };
		F552C0982D5B495600A405FC /* SignInView.swift in Sources */ = {isa = PBXBuildFile; fileRef = F552C0792D5B495600A405FC /* SignInView.swift */; };
		F552C0992D5B495600A405FC /* SignUpView.swift in Sources */ = {isa = PBXBuildFile; fileRef = F552C07A2D5B495600A405FC /* SignUpView.swift */; };
		F552C09A2D5B495600A405FC /* GetStartedView.swift in Sources */ = {isa = PBXBuildFile; fileRef = F552C07D2D5B495600A405FC /* GetStartedView.swift */; };
		F552C09B2D5B495600A405FC /* OnboardView.swift in Sources */ = {isa = PBXBuildFile; fileRef = F552C07E2D5B495600A405FC /* OnboardView.swift */; };
		F552C09C2D5B495600A405FC /* RootView.swift in Sources */ = {isa = PBXBuildFile; fileRef = F552C0812D5B495600A405FC /* RootView.swift */; };
		F552C09D2D5B495600A405FC /* Router.swift in Sources */ = {isa = PBXBuildFile; fileRef = F552C0822D5B495600A405FC /* Router.swift */; };
		F552C09E2D5B495600A405FC /* SettignsView.swift in Sources */ = {isa = PBXBuildFile; fileRef = F552C0842D5B495600A405FC /* SettignsView.swift */; };
		F552C09F2D5B495600A405FC /* SideBarHeaderView.swift in Sources */ = {isa = PBXBuildFile; fileRef = F552C0862D5B495600A405FC /* SideBarHeaderView.swift */; };
		F552C0A02D5B495600A405FC /* SideBarMenuRowView.swift in Sources */ = {isa = PBXBuildFile; fileRef = F552C0872D5B495600A405FC /* SideBarMenuRowView.swift */; };
		F552C0A12D5B495600A405FC /* SideBarMenuView.swift in Sources */ = {isa = PBXBuildFile; fileRef = F552C0882D5B495600A405FC /* SideBarMenuView.swift */; };
		F552C0A22D5B495600A405FC /* TellAFriendView.swift in Sources */ = {isa = PBXBuildFile; fileRef = F552C08A2D5B495600A405FC /* TellAFriendView.swift */; };
		F57AD19C2D55E13400D8916D /* ToDoItem.swift in Sources */ = {isa = PBXBuildFile; fileRef = F57AD19B2D55E13400D8916D /* ToDoItem.swift */; };
		F5887C322D53713F00746AD0 /* Preview Assets.xcassets in Resources */ = {isa = PBXBuildFile; fileRef = F5887C2C2D53713F00746AD0 /* Preview Assets.xcassets */; };
		F5887C332D53713F00746AD0 /* Assets.xcassets in Resources */ = {isa = PBXBuildFile; fileRef = F5887C2E2D53713F00746AD0 /* Assets.xcassets */; };
		F5887C342D53713F00746AD0 /* ToDoListApp.swift in Sources */ = {isa = PBXBuildFile; fileRef = F5887C252D53713F00746AD0 /* ToDoListApp.swift */; };
		F5887C3D2D53754A00746AD0 /* OnboardingStep.swift in Sources */ = {isa = PBXBuildFile; fileRef = F5887C3C2D53754A00746AD0 /* OnboardingStep.swift */; };
		F59052CF2D5C867300D1E9C7 /* FirebaseAnalytics in Frameworks */ = {isa = PBXBuildFile; productRef = F59052CE2D5C867300D1E9C7 /* FirebaseAnalytics */; };
		F59052D12D5C867300D1E9C7 /* FirebaseAppCheck in Frameworks */ = {isa = PBXBuildFile; productRef = F59052D02D5C867300D1E9C7 /* FirebaseAppCheck */; };
		F59052D32D5C867300D1E9C7 /* FirebaseAuth in Frameworks */ = {isa = PBXBuildFile; productRef = F59052D22D5C867300D1E9C7 /* FirebaseAuth */; };
		F59052D52D5C867300D1E9C7 /* FirebaseCore in Frameworks */ = {isa = PBXBuildFile; productRef = F59052D42D5C867300D1E9C7 /* FirebaseCore */; };
		F59052D72D5C867300D1E9C7 /* FirebaseFirestore in Frameworks */ = {isa = PBXBuildFile; productRef = F59052D62D5C867300D1E9C7 /* FirebaseFirestore */; };
		F59052D92D5C867300D1E9C7 /* FirebaseStorage in Frameworks */ = {isa = PBXBuildFile; productRef = F59052D82D5C867300D1E9C7 /* FirebaseStorage */; };
		F59052DB2D5C879D00D1E9C7 /* GoogleService-Info.plist in Resources */ = {isa = PBXBuildFile; fileRef = F59052DA2D5C879D00D1E9C7 /* GoogleService-Info.plist */; };
		F59052DF2D5C87CF00D1E9C7 /* Date.swift in Sources */ = {isa = PBXBuildFile; fileRef = F59052DC2D5C87CF00D1E9C7 /* Date.swift */; };
		F59052E02D5C87CF00D1E9C7 /* View+Ext.swift in Sources */ = {isa = PBXBuildFile; fileRef = F59052DD2D5C87CF00D1E9C7 /* View+Ext.swift */; };
		F59052E42D5C87D500D1E9C7 /* ListRowViewModifier.swift in Sources */ = {isa = PBXBuildFile; fileRef = F59052E22D5C87D500D1E9C7 /* ListRowViewModifier.swift */; };
		F59052E62D5C882500D1E9C7 /* DemoView.swift in Sources */ = {isa = PBXBuildFile; fileRef = F59052E52D5C882500D1E9C7 /* DemoView.swift */; };
		F59052EB2D5C8A2D00D1E9C7 /* AuthService.swift in Sources */ = {isa = PBXBuildFile; fileRef = F59052EA2D5C8A2D00D1E9C7 /* AuthService.swift */; };
		F59052F12D5C917800D1E9C7 /* RootViewModel.swift in Sources */ = {isa = PBXBuildFile; fileRef = F59052F02D5C917800D1E9C7 /* RootViewModel.swift */; };
		F59052F32D5C95FD00D1E9C7 /* AlertType.swift in Sources */ = {isa = PBXBuildFile; fileRef = F59052F22D5C95FD00D1E9C7 /* AlertType.swift */; };
		F59052F52D5C960C00D1E9C7 /* AuthDataResulModel.swift in Sources */ = {isa = PBXBuildFile; fileRef = F59052F42D5C960C00D1E9C7 /* AuthDataResulModel.swift */; };
		F59052FC2D5CA66500D1E9C7 /* UIApplication+Ext.swift in Sources */ = {isa = PBXBuildFile; fileRef = F59052FB2D5CA66500D1E9C7 /* UIApplication+Ext.swift */; };
		F5C2A4912D551A00004547AD /* Category.swift in Sources */ = {isa = PBXBuildFile; fileRef = F5C2A4902D551A00004547AD /* Category.swift */; };
/* End PBXBuildFile section */

/* Begin PBXFileReference section */
		F552BFFB2D5B394900A405FC /* SidebarItem.swift */ = {isa = PBXFileReference; lastKnownFileType = sourcecode.swift; path = SidebarItem.swift; sourceTree = "<group>"; };
		F552C0652D5B495600A405FC /* CategoryIconView.swift */ = {isa = PBXFileReference; lastKnownFileType = sourcecode.swift; path = CategoryIconView.swift; sourceTree = "<group>"; };
		F552C0662D5B495600A405FC /* HeaderView.swift */ = {isa = PBXFileReference; lastKnownFileType = sourcecode.swift; path = HeaderView.swift; sourceTree = "<group>"; };
		F552C0672D5B495600A405FC /* SelectDateTimeMenuView.swift */ = {isa = PBXFileReference; lastKnownFileType = sourcecode.swift; path = SelectDateTimeMenuView.swift; sourceTree = "<group>"; };
		F552C0682D5B495600A405FC /* SelectDateView.swift */ = {isa = PBXFileReference; lastKnownFileType = sourcecode.swift; path = SelectDateView.swift; sourceTree = "<group>"; };
		F552C0692D5B495600A405FC /* SelectTimeView.swift */ = {isa = PBXFileReference; lastKnownFileType = sourcecode.swift; path = SelectTimeView.swift; sourceTree = "<group>"; };
		F552C06B2D5B495600A405FC /* AddNewTaskView.swift */ = {isa = PBXFileReference; lastKnownFileType = sourcecode.swift; path = AddNewTaskView.swift; sourceTree = "<group>"; };
		F552C06D2D5B495600A405FC /* AddNewTaskViewModel.swift */ = {isa = PBXFileReference; lastKnownFileType = sourcecode.swift; path = AddNewTaskViewModel.swift; sourceTree = "<group>"; };
		F552C0702D5B495600A405FC /* TodoItemView.swift */ = {isa = PBXFileReference; lastKnownFileType = sourcecode.swift; path = TodoItemView.swift; sourceTree = "<group>"; };
		F552C0722D5B495600A405FC /* HomeView.swift */ = {isa = PBXFileReference; lastKnownFileType = sourcecode.swift; path = HomeView.swift; sourceTree = "<group>"; };
		F552C0742D5B495600A405FC /* AllTaskViewModel.swift */ = {isa = PBXFileReference; lastKnownFileType = sourcecode.swift; path = AllTaskViewModel.swift; sourceTree = "<group>"; };
		F552C0772D5B495600A405FC /* HelpView.swift */ = {isa = PBXFileReference; lastKnownFileType = sourcecode.swift; path = HelpView.swift; sourceTree = "<group>"; };
		F552C0792D5B495600A405FC /* SignInView.swift */ = {isa = PBXFileReference; lastKnownFileType = sourcecode.swift; path = SignInView.swift; sourceTree = "<group>"; };
		F552C07A2D5B495600A405FC /* SignUpView.swift */ = {isa = PBXFileReference; lastKnownFileType = sourcecode.swift; path = SignUpView.swift; sourceTree = "<group>"; };
		F552C07D2D5B495600A405FC /* GetStartedView.swift */ = {isa = PBXFileReference; lastKnownFileType = sourcecode.swift; path = GetStartedView.swift; sourceTree = "<group>"; };
		F552C07E2D5B495600A405FC /* OnboardView.swift */ = {isa = PBXFileReference; lastKnownFileType = sourcecode.swift; path = OnboardView.swift; sourceTree = "<group>"; };
		F552C0812D5B495600A405FC /* RootView.swift */ = {isa = PBXFileReference; lastKnownFileType = sourcecode.swift; path = RootView.swift; sourceTree = "<group>"; };
		F552C0822D5B495600A405FC /* Router.swift */ = {isa = PBXFileReference; lastKnownFileType = sourcecode.swift; path = Router.swift; sourceTree = "<group>"; };
		F552C0842D5B495600A405FC /* SettignsView.swift */ = {isa = PBXFileReference; lastKnownFileType = sourcecode.swift; path = SettignsView.swift; sourceTree = "<group>"; };
		F552C0862D5B495600A405FC /* SideBarHeaderView.swift */ = {isa = PBXFileReference; lastKnownFileType = sourcecode.swift; path = SideBarHeaderView.swift; sourceTree = "<group>"; };
		F552C0872D5B495600A405FC /* SideBarMenuRowView.swift */ = {isa = PBXFileReference; lastKnownFileType = sourcecode.swift; path = SideBarMenuRowView.swift; sourceTree = "<group>"; };
		F552C0882D5B495600A405FC /* SideBarMenuView.swift */ = {isa = PBXFileReference; lastKnownFileType = sourcecode.swift; path = SideBarMenuView.swift; sourceTree = "<group>"; };
		F552C08A2D5B495600A405FC /* TellAFriendView.swift */ = {isa = PBXFileReference; lastKnownFileType = sourcecode.swift; path = TellAFriendView.swift; sourceTree = "<group>"; };
		F57AD19B2D55E13400D8916D /* ToDoItem.swift */ = {isa = PBXFileReference; lastKnownFileType = sourcecode.swift; path = ToDoItem.swift; sourceTree = "<group>"; };
		F5887C0D2D5364AC00746AD0 /* ToDoList.app */ = {isa = PBXFileReference; explicitFileType = wrapper.application; includeInIndex = 0; path = ToDoList.app; sourceTree = BUILT_PRODUCTS_DIR; };
		F5887C252D53713F00746AD0 /* ToDoListApp.swift */ = {isa = PBXFileReference; lastKnownFileType = sourcecode.swift; path = ToDoListApp.swift; sourceTree = "<group>"; };
		F5887C2C2D53713F00746AD0 /* Preview Assets.xcassets */ = {isa = PBXFileReference; lastKnownFileType = folder.assetcatalog; path = "Preview Assets.xcassets"; sourceTree = "<group>"; };
		F5887C2E2D53713F00746AD0 /* Assets.xcassets */ = {isa = PBXFileReference; lastKnownFileType = folder.assetcatalog; path = Assets.xcassets; sourceTree = "<group>"; };
		F5887C3C2D53754A00746AD0 /* OnboardingStep.swift */ = {isa = PBXFileReference; lastKnownFileType = sourcecode.swift; path = OnboardingStep.swift; sourceTree = "<group>"; };
		F59052DA2D5C879D00D1E9C7 /* GoogleService-Info.plist */ = {isa = PBXFileReference; lastKnownFileType = text.plist.xml; path = "GoogleService-Info.plist"; sourceTree = "<group>"; };
		F59052DC2D5C87CF00D1E9C7 /* Date.swift */ = {isa = PBXFileReference; lastKnownFileType = sourcecode.swift; path = Date.swift; sourceTree = "<group>"; };
		F59052DD2D5C87CF00D1E9C7 /* View+Ext.swift */ = {isa = PBXFileReference; lastKnownFileType = sourcecode.swift; path = "View+Ext.swift"; sourceTree = "<group>"; };
		F59052E22D5C87D500D1E9C7 /* ListRowViewModifier.swift */ = {isa = PBXFileReference; lastKnownFileType = sourcecode.swift; path = ListRowViewModifier.swift; sourceTree = "<group>"; };
		F59052E52D5C882500D1E9C7 /* DemoView.swift */ = {isa = PBXFileReference; lastKnownFileType = sourcecode.swift; path = DemoView.swift; sourceTree = "<group>"; };
		F59052EA2D5C8A2D00D1E9C7 /* AuthService.swift */ = {isa = PBXFileReference; lastKnownFileType = sourcecode.swift; path = AuthService.swift; sourceTree = "<group>"; };
		F59052F02D5C917800D1E9C7 /* RootViewModel.swift */ = {isa = PBXFileReference; lastKnownFileType = sourcecode.swift; path = RootViewModel.swift; sourceTree = "<group>"; };
		F59052F22D5C95FD00D1E9C7 /* AlertType.swift */ = {isa = PBXFileReference; lastKnownFileType = sourcecode.swift; path = AlertType.swift; sourceTree = "<group>"; };
		F59052F42D5C960C00D1E9C7 /* AuthDataResulModel.swift */ = {isa = PBXFileReference; lastKnownFileType = sourcecode.swift; path = AuthDataResulModel.swift; sourceTree = "<group>"; };
		F59052FB2D5CA66500D1E9C7 /* UIApplication+Ext.swift */ = {isa = PBXFileReference; lastKnownFileType = sourcecode.swift; path = "UIApplication+Ext.swift"; sourceTree = "<group>"; };
		F5C2A4902D551A00004547AD /* Category.swift */ = {isa = PBXFileReference; lastKnownFileType = sourcecode.swift; path = Category.swift; sourceTree = "<group>"; };
/* End PBXFileReference section */

/* Begin PBXFileSystemSynchronizedRootGroup section */
		F552C0A32D5B511B00A405FC /* TabView */ = {
			isa = PBXFileSystemSynchronizedRootGroup;
			path = TabView;
			sourceTree = "<group>";
		};
		F5887C4C2D53958000746AD0 /* Buttons */ = {
			isa = PBXFileSystemSynchronizedRootGroup;
			path = Buttons;
			sourceTree = "<group>";
		};
		F59052E72D5C88A300D1E9C7 /* ViewModel */ = {
			isa = PBXFileSystemSynchronizedRootGroup;
			path = ViewModel;
			sourceTree = "<group>";
		};
		F59052F82D5CA35500D1E9C7 /* Helper */ = {
			isa = PBXFileSystemSynchronizedRootGroup;
			path = Helper;
			sourceTree = "<group>";
		};
		F5C2A45D2D54C57E004547AD /* TextFields */ = {
			isa = PBXFileSystemSynchronizedRootGroup;
			path = TextFields;
			sourceTree = "<group>";
		};
		F5C2A45E2D54C586004547AD /* Other */ = {
			isa = PBXFileSystemSynchronizedRootGroup;
			path = Other;
			sourceTree = "<group>";
		};
/* End PBXFileSystemSynchronizedRootGroup section */

/* Begin PBXFrameworksBuildPhase section */
		F5887C0A2D5364AC00746AD0 /* Frameworks */ = {
			isa = PBXFrameworksBuildPhase;
			buildActionMask = 2147483647;
			files = (
				F59052D12D5C867300D1E9C7 /* FirebaseAppCheck in Frameworks */,
				F59052D32D5C867300D1E9C7 /* FirebaseAuth in Frameworks */,
				F59052D52D5C867300D1E9C7 /* FirebaseCore in Frameworks */,
				F59052D72D5C867300D1E9C7 /* FirebaseFirestore in Frameworks */,
				F59052CF2D5C867300D1E9C7 /* FirebaseAnalytics in Frameworks */,
				F59052D92D5C867300D1E9C7 /* FirebaseStorage in Frameworks */,
			);
			runOnlyForDeploymentPostprocessing = 0;
		};
/* End PBXFrameworksBuildPhase section */

/* Begin PBXGroup section */
		F552C06A2D5B495600A405FC /* Components */ = {
			isa = PBXGroup;
			children = (
				F552C0652D5B495600A405FC /* CategoryIconView.swift */,
				F552C0662D5B495600A405FC /* HeaderView.swift */,
				F552C0672D5B495600A405FC /* SelectDateTimeMenuView.swift */,
				F552C0682D5B495600A405FC /* SelectDateView.swift */,
				F552C0692D5B495600A405FC /* SelectTimeView.swift */,
			);
			path = Components;
			sourceTree = "<group>";
		};
		F552C06C2D5B495600A405FC /* View */ = {
			isa = PBXGroup;
			children = (
				F552C06B2D5B495600A405FC /* AddNewTaskView.swift */,
			);
			path = View;
			sourceTree = "<group>";
		};
		F552C06E2D5B495600A405FC /* ViewModel */ = {
			isa = PBXGroup;
			children = (
				F552C06D2D5B495600A405FC /* AddNewTaskViewModel.swift */,
			);
			path = ViewModel;
			sourceTree = "<group>";
		};
		F552C06F2D5B495600A405FC /* AddNewTask */ = {
			isa = PBXGroup;
			children = (
				F552C06A2D5B495600A405FC /* Components */,
				F552C06C2D5B495600A405FC /* View */,
				F552C06E2D5B495600A405FC /* ViewModel */,
			);
			path = AddNewTask;
			sourceTree = "<group>";
		};
		F552C0712D5B495600A405FC /* Components */ = {
			isa = PBXGroup;
			children = (
				F552C0702D5B495600A405FC /* TodoItemView.swift */,
			);
			path = Components;
			sourceTree = "<group>";
		};
		F552C0732D5B495600A405FC /* View */ = {
			isa = PBXGroup;
			children = (
				F552C0722D5B495600A405FC /* HomeView.swift */,
			);
			path = View;
			sourceTree = "<group>";
		};
		F552C0752D5B495600A405FC /* ViewModel */ = {
			isa = PBXGroup;
			children = (
				F552C0742D5B495600A405FC /* AllTaskViewModel.swift */,
			);
			path = ViewModel;
			sourceTree = "<group>";
		};
		F552C0762D5B495600A405FC /* Home */ = {
			isa = PBXGroup;
			children = (
				F552C0712D5B495600A405FC /* Components */,
				F552C0732D5B495600A405FC /* View */,
				F552C0752D5B495600A405FC /* ViewModel */,
			);
			path = Home;
			sourceTree = "<group>";
		};
		F552C0782D5B495600A405FC /* HelpAndFeedBack */ = {
			isa = PBXGroup;
			children = (
				F552C0772D5B495600A405FC /* HelpView.swift */,
			);
			path = HelpAndFeedBack;
			sourceTree = "<group>";
		};
		F552C07B2D5B495600A405FC /* View */ = {
			isa = PBXGroup;
			children = (
				F552C0792D5B495600A405FC /* SignInView.swift */,
				F552C07A2D5B495600A405FC /* SignUpView.swift */,
			);
			path = View;
			sourceTree = "<group>";
		};
		F552C07C2D5B495600A405FC /* Login */ = {
			isa = PBXGroup;
			children = (
				F59052E72D5C88A300D1E9C7 /* ViewModel */,
				F552C07B2D5B495600A405FC /* View */,
			);
			path = Login;
			sourceTree = "<group>";
		};
		F552C07F2D5B495600A405FC /* View */ = {
			isa = PBXGroup;
			children = (
				F552C07D2D5B495600A405FC /* GetStartedView.swift */,
				F552C07E2D5B495600A405FC /* OnboardView.swift */,
			);
			path = View;
			sourceTree = "<group>";
		};
		F552C0802D5B495600A405FC /* Onboarding */ = {
			isa = PBXGroup;
			children = (
				F552C07F2D5B495600A405FC /* View */,
			);
			path = Onboarding;
			sourceTree = "<group>";
		};
		F552C0832D5B495600A405FC /* Root */ = {
			isa = PBXGroup;
			children = (
				F552C0812D5B495600A405FC /* RootView.swift */,
				F552C0822D5B495600A405FC /* Router.swift */,
				F59052F02D5C917800D1E9C7 /* RootViewModel.swift */,
			);
			path = Root;
			sourceTree = "<group>";
		};
		F552C0852D5B495600A405FC /* Settigns */ = {
			isa = PBXGroup;
			children = (
				F552C0842D5B495600A405FC /* SettignsView.swift */,
			);
			path = Settigns;
			sourceTree = "<group>";
		};
		F552C0892D5B495600A405FC /* SideBar */ = {
			isa = PBXGroup;
			children = (
				F552C0862D5B495600A405FC /* SideBarHeaderView.swift */,
				F552C0872D5B495600A405FC /* SideBarMenuRowView.swift */,
				F552C0882D5B495600A405FC /* SideBarMenuView.swift */,
			);
			path = SideBar;
			sourceTree = "<group>";
		};
		F552C08B2D5B495600A405FC /* TellAFriend */ = {
			isa = PBXGroup;
			children = (
				F552C08A2D5B495600A405FC /* TellAFriendView.swift */,
			);
			path = TellAFriend;
			sourceTree = "<group>";
		};
		F552C08C2D5B495600A405FC /* Core */ = {
			isa = PBXGroup;
			children = (
				F552C0A32D5B511B00A405FC /* TabView */,
				F552C0832D5B495600A405FC /* Root */,
				F552C0802D5B495600A405FC /* Onboarding */,
				F552C07C2D5B495600A405FC /* Login */,
				F552C0762D5B495600A405FC /* Home */,
				F552C06F2D5B495600A405FC /* AddNewTask */,
				F552C0782D5B495600A405FC /* HelpAndFeedBack */,
				F552C0852D5B495600A405FC /* Settigns */,
				F552C0892D5B495600A405FC /* SideBar */,
				F552C08B2D5B495600A405FC /* TellAFriend */,
			);
			path = Core;
			sourceTree = "<group>";
		};
		F5887C042D5364AC00746AD0 = {
			isa = PBXGroup;
			children = (
				F5887C312D53713F00746AD0 /* ToDoList */,
				F5887C0E2D5364AC00746AD0 /* Products */,
			);
			sourceTree = "<group>";
		};
		F5887C0E2D5364AC00746AD0 /* Products */ = {
			isa = PBXGroup;
			children = (
				F5887C0D2D5364AC00746AD0 /* ToDoList.app */,
			);
			name = Products;
			sourceTree = "<group>";
		};
		F5887C262D53713F00746AD0 /* App */ = {
			isa = PBXGroup;
			children = (
				F5887C252D53713F00746AD0 /* ToDoListApp.swift */,
			);
			path = App;
			sourceTree = "<group>";
		};
		F5887C272D53713F00746AD0 /* SharedComponents */ = {
			isa = PBXGroup;
			children = (
				F5C2A45E2D54C586004547AD /* Other */,
				F5C2A45D2D54C57E004547AD /* TextFields */,
				F5887C4C2D53958000746AD0 /* Buttons */,
			);
			path = SharedComponents;
			sourceTree = "<group>";
		};
		F5887C2D2D53713F00746AD0 /* Preview Content */ = {
			isa = PBXGroup;
			children = (
				F5887C2C2D53713F00746AD0 /* Preview Assets.xcassets */,
			);
			path = "Preview Content";
			sourceTree = "<group>";
		};
		F5887C2F2D53713F00746AD0 /* Resources */ = {
			isa = PBXGroup;
			children = (
				F5887C2E2D53713F00746AD0 /* Assets.xcassets */,
			);
			path = Resources;
			sourceTree = "<group>";
		};
		F5887C312D53713F00746AD0 /* ToDoList */ = {
			isa = PBXGroup;
			children = (
				F59052F82D5CA35500D1E9C7 /* Helper */,
				F5887C262D53713F00746AD0 /* App */,
				F59052E12D5C87D200D1E9C7 /* Service */,
				F552C08C2D5B495600A405FC /* Core */,
				F5887C3B2D53733800746AD0 /* Model */,
				F59052E32D5C87D500D1E9C7 /* Modifilers */,
				F59052DE2D5C87CF00D1E9C7 /* Extensions */,
				F5887C272D53713F00746AD0 /* SharedComponents */,
				F5887C2D2D53713F00746AD0 /* Preview Content */,
				F5887C2F2D53713F00746AD0 /* Resources */,
				F59052DA2D5C879D00D1E9C7 /* GoogleService-Info.plist */,
			);
			path = ToDoList;
			sourceTree = "<group>";
		};
		F5887C3B2D53733800746AD0 /* Model */ = {
			isa = PBXGroup;
			children = (
				F5887C3C2D53754A00746AD0 /* OnboardingStep.swift */,
				F5C2A4902D551A00004547AD /* Category.swift */,
				F57AD19B2D55E13400D8916D /* ToDoItem.swift */,
				F552BFFB2D5B394900A405FC /* SidebarItem.swift */,
				F59052F22D5C95FD00D1E9C7 /* AlertType.swift */,
				F59052F42D5C960C00D1E9C7 /* AuthDataResulModel.swift */,
			);
			path = Model;
			sourceTree = "<group>";
		};
		F59052DE2D5C87CF00D1E9C7 /* Extensions */ = {
			isa = PBXGroup;
			children = (
				F59052DC2D5C87CF00D1E9C7 /* Date.swift */,
				F59052DD2D5C87CF00D1E9C7 /* View+Ext.swift */,
				F59052FB2D5CA66500D1E9C7 /* UIApplication+Ext.swift */,
			);
			path = Extensions;
			sourceTree = "<group>";
		};
		F59052E12D5C87D200D1E9C7 /* Service */ = {
			isa = PBXGroup;
			children = (
				F59052E52D5C882500D1E9C7 /* DemoView.swift */,
				F59052EA2D5C8A2D00D1E9C7 /* AuthService.swift */,
			);
			path = Service;
			sourceTree = "<group>";
		};
		F59052E32D5C87D500D1E9C7 /* Modifilers */ = {
			isa = PBXGroup;
			children = (
				F59052E22D5C87D500D1E9C7 /* ListRowViewModifier.swift */,
			);
			path = Modifilers;
			sourceTree = "<group>";
		};
/* End PBXGroup section */

/* Begin PBXNativeTarget section */
		F5887C0C2D5364AC00746AD0 /* ToDoList */ = {
			isa = PBXNativeTarget;
			buildConfigurationList = F5887C1B2D5364AE00746AD0 /* Build configuration list for PBXNativeTarget "ToDoList" */;
			buildPhases = (
				F5887C092D5364AC00746AD0 /* Sources */,
				F5887C0A2D5364AC00746AD0 /* Frameworks */,
				F5887C0B2D5364AC00746AD0 /* Resources */,
			);
			buildRules = (
			);
			dependencies = (
			);
			fileSystemSynchronizedGroups = (
				F552C0A32D5B511B00A405FC /* TabView */,
				F5887C4C2D53958000746AD0 /* Buttons */,
				F59052E72D5C88A300D1E9C7 /* ViewModel */,
				F59052F82D5CA35500D1E9C7 /* Helper */,
				F5C2A45D2D54C57E004547AD /* TextFields */,
				F5C2A45E2D54C586004547AD /* Other */,
			);
			name = ToDoList;
			packageProductDependencies = (
				F59052CE2D5C867300D1E9C7 /* FirebaseAnalytics */,
				F59052D02D5C867300D1E9C7 /* FirebaseAppCheck */,
				F59052D22D5C867300D1E9C7 /* FirebaseAuth */,
				F59052D42D5C867300D1E9C7 /* FirebaseCore */,
				F59052D62D5C867300D1E9C7 /* FirebaseFirestore */,
				F59052D82D5C867300D1E9C7 /* FirebaseStorage */,
			);
			productName = ToDoList;
			productReference = F5887C0D2D5364AC00746AD0 /* ToDoList.app */;
			productType = "com.apple.product-type.application";
		};
/* End PBXNativeTarget section */

/* Begin PBXProject section */
		F5887C052D5364AC00746AD0 /* Project object */ = {
			isa = PBXProject;
			attributes = {
				BuildIndependentTargetsInParallel = 1;
				LastSwiftUpdateCheck = 1620;
				LastUpgradeCheck = 1620;
				TargetAttributes = {
					F5887C0C2D5364AC00746AD0 = {
						CreatedOnToolsVersion = 16.2;
					};
				};
			};
			buildConfigurationList = F5887C082D5364AC00746AD0 /* Build configuration list for PBXProject "ToDoList" */;
			developmentRegion = en;
			hasScannedForEncodings = 0;
			knownRegions = (
				en,
				Base,
			);
			mainGroup = F5887C042D5364AC00746AD0;
			minimizedProjectReferenceProxies = 1;
			packageReferences = (
				F59052CD2D5C867300D1E9C7 /* XCRemoteSwiftPackageReference "firebase-ios-sdk" */,
			);
			preferredProjectObjectVersion = 77;
			productRefGroup = F5887C0E2D5364AC00746AD0 /* Products */;
			projectDirPath = "";
			projectRoot = "";
			targets = (
				F5887C0C2D5364AC00746AD0 /* ToDoList */,
			);
		};
/* End PBXProject section */

/* Begin PBXResourcesBuildPhase section */
		F5887C0B2D5364AC00746AD0 /* Resources */ = {
			isa = PBXResourcesBuildPhase;
			buildActionMask = 2147483647;
			files = (
				F5887C322D53713F00746AD0 /* Preview Assets.xcassets in Resources */,
				F5887C332D53713F00746AD0 /* Assets.xcassets in Resources */,
				F59052DB2D5C879D00D1E9C7 /* GoogleService-Info.plist in Resources */,
			);
			runOnlyForDeploymentPostprocessing = 0;
		};
/* End PBXResourcesBuildPhase section */

/* Begin PBXSourcesBuildPhase section */
		F5887C092D5364AC00746AD0 /* Sources */ = {
			isa = PBXSourcesBuildPhase;
			buildActionMask = 2147483647;
			files = (
				F59052DF2D5C87CF00D1E9C7 /* Date.swift in Sources */,
				F59052E02D5C87CF00D1E9C7 /* View+Ext.swift in Sources */,
				F552C08D2D5B495600A405FC /* CategoryIconView.swift in Sources */,
				F552C08E2D5B495600A405FC /* HeaderView.swift in Sources */,
				F552C08F2D5B495600A405FC /* SelectDateTimeMenuView.swift in Sources */,
				F552C0902D5B495600A405FC /* SelectDateView.swift in Sources */,
				F59052EB2D5C8A2D00D1E9C7 /* AuthService.swift in Sources */,
				F59052FC2D5CA66500D1E9C7 /* UIApplication+Ext.swift in Sources */,
				F552C0912D5B495600A405FC /* SelectTimeView.swift in Sources */,
				F552C0922D5B495600A405FC /* AddNewTaskView.swift in Sources */,
				F552C0932D5B495600A405FC /* AddNewTaskViewModel.swift in Sources */,
				F552C0942D5B495600A405FC /* TodoItemView.swift in Sources */,
				F552C0952D5B495600A405FC /* HomeView.swift in Sources */,
				F552C0962D5B495600A405FC /* AllTaskViewModel.swift in Sources */,
				F59052F32D5C95FD00D1E9C7 /* AlertType.swift in Sources */,
				F552C0972D5B495600A405FC /* HelpView.swift in Sources */,
				F552C0982D5B495600A405FC /* SignInView.swift in Sources */,
				F552C0992D5B495600A405FC /* SignUpView.swift in Sources */,
				F59052F52D5C960C00D1E9C7 /* AuthDataResulModel.swift in Sources */,
				F552C09A2D5B495600A405FC /* GetStartedView.swift in Sources */,
				F59052E42D5C87D500D1E9C7 /* ListRowViewModifier.swift in Sources */,
				F552C09B2D5B495600A405FC /* OnboardView.swift in Sources */,
				F552C09C2D5B495600A405FC /* RootView.swift in Sources */,
				F552C09D2D5B495600A405FC /* Router.swift in Sources */,
				F552C09E2D5B495600A405FC /* SettignsView.swift in Sources */,
				F552C09F2D5B495600A405FC /* SideBarHeaderView.swift in Sources */,
				F552C0A02D5B495600A405FC /* SideBarMenuRowView.swift in Sources */,
				F552C0A12D5B495600A405FC /* SideBarMenuView.swift in Sources */,
				F59052F12D5C917800D1E9C7 /* RootViewModel.swift in Sources */,
				F552C0A22D5B495600A405FC /* TellAFriendView.swift in Sources */,
				F5887C3D2D53754A00746AD0 /* OnboardingStep.swift in Sources */,
				F552BFFC2D5B394900A405FC /* SidebarItem.swift in Sources */,
				F59052E62D5C882500D1E9C7 /* DemoView.swift in Sources */,
				F5887C342D53713F00746AD0 /* ToDoListApp.swift in Sources */,
				F5C2A4912D551A00004547AD /* Category.swift in Sources */,
				F57AD19C2D55E13400D8916D /* ToDoItem.swift in Sources */,
			);
			runOnlyForDeploymentPostprocessing = 0;
		};
/* End PBXSourcesBuildPhase section */

/* Begin XCBuildConfiguration section */
		F5887C192D5364AE00746AD0 /* Debug */ = {
			isa = XCBuildConfiguration;
			buildSettings = {
				ALWAYS_SEARCH_USER_PATHS = NO;
				ASSETCATALOG_COMPILER_GENERATE_SWIFT_ASSET_SYMBOL_EXTENSIONS = YES;
				CLANG_ANALYZER_NONNULL = YES;
				CLANG_ANALYZER_NUMBER_OBJECT_CONVERSION = YES_AGGRESSIVE;
				CLANG_CXX_LANGUAGE_STANDARD = "gnu++20";
				CLANG_ENABLE_MODULES = YES;
				CLANG_ENABLE_OBJC_ARC = YES;
				CLANG_ENABLE_OBJC_WEAK = YES;
				CLANG_WARN_BLOCK_CAPTURE_AUTORELEASING = YES;
				CLANG_WARN_BOOL_CONVERSION = YES;
				CLANG_WARN_COMMA = YES;
				CLANG_WARN_CONSTANT_CONVERSION = YES;
				CLANG_WARN_DEPRECATED_OBJC_IMPLEMENTATIONS = YES;
				CLANG_WARN_DIRECT_OBJC_ISA_USAGE = YES_ERROR;
				CLANG_WARN_DOCUMENTATION_COMMENTS = YES;
				CLANG_WARN_EMPTY_BODY = YES;
				CLANG_WARN_ENUM_CONVERSION = YES;
				CLANG_WARN_INFINITE_RECURSION = YES;
				CLANG_WARN_INT_CONVERSION = YES;
				CLANG_WARN_NON_LITERAL_NULL_CONVERSION = YES;
				CLANG_WARN_OBJC_IMPLICIT_RETAIN_SELF = YES;
				CLANG_WARN_OBJC_LITERAL_CONVERSION = YES;
				CLANG_WARN_OBJC_ROOT_CLASS = YES_ERROR;
				CLANG_WARN_QUOTED_INCLUDE_IN_FRAMEWORK_HEADER = YES;
				CLANG_WARN_RANGE_LOOP_ANALYSIS = YES;
				CLANG_WARN_STRICT_PROTOTYPES = YES;
				CLANG_WARN_SUSPICIOUS_MOVE = YES;
				CLANG_WARN_UNGUARDED_AVAILABILITY = YES_AGGRESSIVE;
				CLANG_WARN_UNREACHABLE_CODE = YES;
				CLANG_WARN__DUPLICATE_METHOD_MATCH = YES;
				COPY_PHASE_STRIP = NO;
				DEBUG_INFORMATION_FORMAT = dwarf;
				ENABLE_STRICT_OBJC_MSGSEND = YES;
				ENABLE_TESTABILITY = YES;
				ENABLE_USER_SCRIPT_SANDBOXING = YES;
				GCC_C_LANGUAGE_STANDARD = gnu17;
				GCC_DYNAMIC_NO_PIC = NO;
				GCC_NO_COMMON_BLOCKS = YES;
				GCC_OPTIMIZATION_LEVEL = 0;
				GCC_PREPROCESSOR_DEFINITIONS = (
					"DEBUG=1",
					"$(inherited)",
				);
				GCC_WARN_64_TO_32_BIT_CONVERSION = YES;
				GCC_WARN_ABOUT_RETURN_TYPE = YES_ERROR;
				GCC_WARN_UNDECLARED_SELECTOR = YES;
				GCC_WARN_UNINITIALIZED_AUTOS = YES_AGGRESSIVE;
				GCC_WARN_UNUSED_FUNCTION = YES;
				GCC_WARN_UNUSED_VARIABLE = YES;
				IPHONEOS_DEPLOYMENT_TARGET = 18.2;
				LOCALIZATION_PREFERS_STRING_CATALOGS = YES;
				MTL_ENABLE_DEBUG_INFO = INCLUDE_SOURCE;
				MTL_FAST_MATH = YES;
				ONLY_ACTIVE_ARCH = YES;
				SDKROOT = iphoneos;
				SWIFT_ACTIVE_COMPILATION_CONDITIONS = "DEBUG $(inherited)";
				SWIFT_OPTIMIZATION_LEVEL = "-Onone";
			};
			name = Debug;
		};
		F5887C1A2D5364AE00746AD0 /* Release */ = {
			isa = XCBuildConfiguration;
			buildSettings = {
				ALWAYS_SEARCH_USER_PATHS = NO;
				ASSETCATALOG_COMPILER_GENERATE_SWIFT_ASSET_SYMBOL_EXTENSIONS = YES;
				CLANG_ANALYZER_NONNULL = YES;
				CLANG_ANALYZER_NUMBER_OBJECT_CONVERSION = YES_AGGRESSIVE;
				CLANG_CXX_LANGUAGE_STANDARD = "gnu++20";
				CLANG_ENABLE_MODULES = YES;
				CLANG_ENABLE_OBJC_ARC = YES;
				CLANG_ENABLE_OBJC_WEAK = YES;
				CLANG_WARN_BLOCK_CAPTURE_AUTORELEASING = YES;
				CLANG_WARN_BOOL_CONVERSION = YES;
				CLANG_WARN_COMMA = YES;
				CLANG_WARN_CONSTANT_CONVERSION = YES;
				CLANG_WARN_DEPRECATED_OBJC_IMPLEMENTATIONS = YES;
				CLANG_WARN_DIRECT_OBJC_ISA_USAGE = YES_ERROR;
				CLANG_WARN_DOCUMENTATION_COMMENTS = YES;
				CLANG_WARN_EMPTY_BODY = YES;
				CLANG_WARN_ENUM_CONVERSION = YES;
				CLANG_WARN_INFINITE_RECURSION = YES;
				CLANG_WARN_INT_CONVERSION = YES;
				CLANG_WARN_NON_LITERAL_NULL_CONVERSION = YES;
				CLANG_WARN_OBJC_IMPLICIT_RETAIN_SELF = YES;
				CLANG_WARN_OBJC_LITERAL_CONVERSION = YES;
				CLANG_WARN_OBJC_ROOT_CLASS = YES_ERROR;
				CLANG_WARN_QUOTED_INCLUDE_IN_FRAMEWORK_HEADER = YES;
				CLANG_WARN_RANGE_LOOP_ANALYSIS = YES;
				CLANG_WARN_STRICT_PROTOTYPES = YES;
				CLANG_WARN_SUSPICIOUS_MOVE = YES;
				CLANG_WARN_UNGUARDED_AVAILABILITY = YES_AGGRESSIVE;
				CLANG_WARN_UNREACHABLE_CODE = YES;
				CLANG_WARN__DUPLICATE_METHOD_MATCH = YES;
				COPY_PHASE_STRIP = NO;
				DEBUG_INFORMATION_FORMAT = "dwarf-with-dsym";
				ENABLE_NS_ASSERTIONS = NO;
				ENABLE_STRICT_OBJC_MSGSEND = YES;
				ENABLE_USER_SCRIPT_SANDBOXING = YES;
				GCC_C_LANGUAGE_STANDARD = gnu17;
				GCC_NO_COMMON_BLOCKS = YES;
				GCC_WARN_64_TO_32_BIT_CONVERSION = YES;
				GCC_WARN_ABOUT_RETURN_TYPE = YES_ERROR;
				GCC_WARN_UNDECLARED_SELECTOR = YES;
				GCC_WARN_UNINITIALIZED_AUTOS = YES_AGGRESSIVE;
				GCC_WARN_UNUSED_FUNCTION = YES;
				GCC_WARN_UNUSED_VARIABLE = YES;
				IPHONEOS_DEPLOYMENT_TARGET = 18.2;
				LOCALIZATION_PREFERS_STRING_CATALOGS = YES;
				MTL_ENABLE_DEBUG_INFO = NO;
				MTL_FAST_MATH = YES;
				SDKROOT = iphoneos;
				SWIFT_COMPILATION_MODE = wholemodule;
				VALIDATE_PRODUCT = YES;
			};
			name = Release;
		};
		F5887C1C2D5364AE00746AD0 /* Debug */ = {
			isa = XCBuildConfiguration;
			buildSettings = {
				ASSETCATALOG_COMPILER_APPICON_NAME = AppIcon;
				ASSETCATALOG_COMPILER_GLOBAL_ACCENT_COLOR_NAME = AccentColor;
				CODE_SIGN_STYLE = Automatic;
				CURRENT_PROJECT_VERSION = 1;
				DEVELOPMENT_ASSET_PATHS = "\"ToDoList/Preview Content\"";
				DEVELOPMENT_TEAM = T89868475G;
				ENABLE_PREVIEWS = YES;
				GENERATE_INFOPLIST_FILE = YES;
				INFOPLIST_KEY_CFBundleDisplayName = "My ToDo";
				INFOPLIST_KEY_UIApplicationSceneManifest_Generation = YES;
				INFOPLIST_KEY_UIApplicationSupportsIndirectInputEvents = YES;
				INFOPLIST_KEY_UILaunchScreen_Generation = YES;
				INFOPLIST_KEY_UISupportedInterfaceOrientations_iPad = "UIInterfaceOrientationPortrait UIInterfaceOrientationPortraitUpsideDown UIInterfaceOrientationLandscapeLeft UIInterfaceOrientationLandscapeRight";
				INFOPLIST_KEY_UISupportedInterfaceOrientations_iPhone = "UIInterfaceOrientationPortrait UIInterfaceOrientationLandscapeLeft UIInterfaceOrientationLandscapeRight";
				LD_RUNPATH_SEARCH_PATHS = (
					"$(inherited)",
					"@executable_path/Frameworks",
				);
				MARKETING_VERSION = 1.0;
				PRODUCT_BUNDLE_IDENTIFIER = com.abdullaharslan.ToDoList;
				PRODUCT_NAME = "$(TARGET_NAME)";
				SWIFT_EMIT_LOC_STRINGS = YES;
				SWIFT_VERSION = 5.0;
				TARGETED_DEVICE_FAMILY = "1,2";
			};
			name = Debug;
		};
		F5887C1D2D5364AE00746AD0 /* Release */ = {
			isa = XCBuildConfiguration;
			buildSettings = {
				ASSETCATALOG_COMPILER_APPICON_NAME = AppIcon;
				ASSETCATALOG_COMPILER_GLOBAL_ACCENT_COLOR_NAME = AccentColor;
				CODE_SIGN_STYLE = Automatic;
				CURRENT_PROJECT_VERSION = 1;
				DEVELOPMENT_ASSET_PATHS = "\"ToDoList/Preview Content\"";
				DEVELOPMENT_TEAM = T89868475G;
				ENABLE_PREVIEWS = YES;
				GENERATE_INFOPLIST_FILE = YES;
				INFOPLIST_KEY_CFBundleDisplayName = "My ToDo";
				INFOPLIST_KEY_UIApplicationSceneManifest_Generation = YES;
				INFOPLIST_KEY_UIApplicationSupportsIndirectInputEvents = YES;
				INFOPLIST_KEY_UILaunchScreen_Generation = YES;
				INFOPLIST_KEY_UISupportedInterfaceOrientations_iPad = "UIInterfaceOrientationPortrait UIInterfaceOrientationPortraitUpsideDown UIInterfaceOrientationLandscapeLeft UIInterfaceOrientationLandscapeRight";
				INFOPLIST_KEY_UISupportedInterfaceOrientations_iPhone = "UIInterfaceOrientationPortrait UIInterfaceOrientationLandscapeLeft UIInterfaceOrientationLandscapeRight";
				LD_RUNPATH_SEARCH_PATHS = (
					"$(inherited)",
					"@executable_path/Frameworks",
				);
				MARKETING_VERSION = 1.0;
				PRODUCT_BUNDLE_IDENTIFIER = com.abdullaharslan.ToDoList;
				PRODUCT_NAME = "$(TARGET_NAME)";
				SWIFT_EMIT_LOC_STRINGS = YES;
				SWIFT_VERSION = 5.0;
				TARGETED_DEVICE_FAMILY = "1,2";
			};
			name = Release;
		};
/* End XCBuildConfiguration section */

/* Begin XCConfigurationList section */
		F5887C082D5364AC00746AD0 /* Build configuration list for PBXProject "ToDoList" */ = {
			isa = XCConfigurationList;
			buildConfigurations = (
				F5887C192D5364AE00746AD0 /* Debug */,
				F5887C1A2D5364AE00746AD0 /* Release */,
			);
			defaultConfigurationIsVisible = 0;
			defaultConfigurationName = Release;
		};
		F5887C1B2D5364AE00746AD0 /* Build configuration list for PBXNativeTarget "ToDoList" */ = {
			isa = XCConfigurationList;
			buildConfigurations = (
				F5887C1C2D5364AE00746AD0 /* Debug */,
				F5887C1D2D5364AE00746AD0 /* Release */,
			);
			defaultConfigurationIsVisible = 0;
			defaultConfigurationName = Release;
		};
/* End XCConfigurationList section */

/* Begin XCRemoteSwiftPackageReference section */
		F59052CD2D5C867300D1E9C7 /* XCRemoteSwiftPackageReference "firebase-ios-sdk" */ = {
			isa = XCRemoteSwiftPackageReference;
			repositoryURL = "https://github.com/firebase/firebase-ios-sdk";
			requirement = {
				kind = upToNextMajorVersion;
				minimumVersion = 11.8.1;
			};
		};
/* End XCRemoteSwiftPackageReference section */

/* Begin XCSwiftPackageProductDependency section */
		F59052CE2D5C867300D1E9C7 /* FirebaseAnalytics */ = {
			isa = XCSwiftPackageProductDependency;
			package = F59052CD2D5C867300D1E9C7 /* XCRemoteSwiftPackageReference "firebase-ios-sdk" */;
			productName = FirebaseAnalytics;
		};
		F59052D02D5C867300D1E9C7 /* FirebaseAppCheck */ = {
			isa = XCSwiftPackageProductDependency;
			package = F59052CD2D5C867300D1E9C7 /* XCRemoteSwiftPackageReference "firebase-ios-sdk" */;
			productName = FirebaseAppCheck;
		};
		F59052D22D5C867300D1E9C7 /* FirebaseAuth */ = {
			isa = XCSwiftPackageProductDependency;
			package = F59052CD2D5C867300D1E9C7 /* XCRemoteSwiftPackageReference "firebase-ios-sdk" */;
			productName = FirebaseAuth;
		};
		F59052D42D5C867300D1E9C7 /* FirebaseCore */ = {
			isa = XCSwiftPackageProductDependency;
			package = F59052CD2D5C867300D1E9C7 /* XCRemoteSwiftPackageReference "firebase-ios-sdk" */;
			productName = FirebaseCore;
		};
		F59052D62D5C867300D1E9C7 /* FirebaseFirestore */ = {
			isa = XCSwiftPackageProductDependency;
			package = F59052CD2D5C867300D1E9C7 /* XCRemoteSwiftPackageReference "firebase-ios-sdk" */;
			productName = FirebaseFirestore;
		};
		F59052D82D5C867300D1E9C7 /* FirebaseStorage */ = {
			isa = XCSwiftPackageProductDependency;
			package = F59052CD2D5C867300D1E9C7 /* XCRemoteSwiftPackageReference "firebase-ios-sdk" */;
			productName = FirebaseStorage;
		};
/* End XCSwiftPackageProductDependency section */
	};
	rootObject = F5887C052D5364AC00746AD0 /* Project object */;
}
