// !$*UTF8*$!
{
	archiveVersion = 1;
	classes = {
	};
	objectVersion = 77;
	objects = {

/* Begin PBXBuildFile section */
		F57AD19C2D55E13400D8916D /* ToDoItem.swift in Sources */ = {isa = PBXBuildFile; fileRef = F57AD19B2D55E13400D8916D /* ToDoItem.swift */; };
		F5887C322D53713F00746AD0 /* Preview Assets.xcassets in Resources */ = {isa = PBXBuildFile; fileRef = F5887C2C2D53713F00746AD0 /* Preview Assets.xcassets */; };
		F5887C332D53713F00746AD0 /* Assets.xcassets in Resources */ = {isa = PBXBuildFile; fileRef = F5887C2E2D53713F00746AD0 /* Assets.xcassets */; };
		F5887C342D53713F00746AD0 /* ToDoListApp.swift in Sources */ = {isa = PBXBuildFile; fileRef = F5887C252D53713F00746AD0 /* ToDoListApp.swift */; };
		F5887C3D2D53754A00746AD0 /* OnboardingStep.swift in Sources */ = {isa = PBXBuildFile; fileRef = F5887C3C2D53754A00746AD0 /* OnboardingStep.swift */; };
		F5887C502D53970700746AD0 /* RootView.swift in Sources */ = {isa = PBXBuildFile; fileRef = F5887C4F2D53970700746AD0 /* RootView.swift */; };
		F5887C522D53980400746AD0 /* Router.swift in Sources */ = {isa = PBXBuildFile; fileRef = F5887C512D53980400746AD0 /* Router.swift */; };
		F5C2A4912D551A00004547AD /* Category.swift in Sources */ = {isa = PBXBuildFile; fileRef = F5C2A4902D551A00004547AD /* Category.swift */; };
/* End PBXBuildFile section */

/* Begin PBXFileReference section */
		F57AD19B2D55E13400D8916D /* ToDoItem.swift */ = {isa = PBXFileReference; lastKnownFileType = sourcecode.swift; path = ToDoItem.swift; sourceTree = "<group>"; };
		F5887C0D2D5364AC00746AD0 /* ToDoList.app */ = {isa = PBXFileReference; explicitFileType = wrapper.application; includeInIndex = 0; path = ToDoList.app; sourceTree = BUILT_PRODUCTS_DIR; };
		F5887C252D53713F00746AD0 /* ToDoListApp.swift */ = {isa = PBXFileReference; lastKnownFileType = sourcecode.swift; path = ToDoListApp.swift; sourceTree = "<group>"; };
		F5887C2C2D53713F00746AD0 /* Preview Assets.xcassets */ = {isa = PBXFileReference; lastKnownFileType = folder.assetcatalog; path = "Preview Assets.xcassets"; sourceTree = "<group>"; };
		F5887C2E2D53713F00746AD0 /* Assets.xcassets */ = {isa = PBXFileReference; lastKnownFileType = folder.assetcatalog; path = Assets.xcassets; sourceTree = "<group>"; };
		F5887C3C2D53754A00746AD0 /* OnboardingStep.swift */ = {isa = PBXFileReference; lastKnownFileType = sourcecode.swift; path = OnboardingStep.swift; sourceTree = "<group>"; };
		F5887C4F2D53970700746AD0 /* RootView.swift */ = {isa = PBXFileReference; lastKnownFileType = sourcecode.swift; path = RootView.swift; sourceTree = "<group>"; };
		F5887C512D53980400746AD0 /* Router.swift */ = {isa = PBXFileReference; lastKnownFileType = sourcecode.swift; path = Router.swift; sourceTree = "<group>"; };
		F5C2A4902D551A00004547AD /* Category.swift */ = {isa = PBXFileReference; lastKnownFileType = sourcecode.swift; path = Category.swift; sourceTree = "<group>"; };
/* End PBXFileReference section */

/* Begin PBXFileSystemSynchronizedRootGroup section */
		F57AD1A12D55E75500D8916D /* Extensions */ = {
			isa = PBXFileSystemSynchronizedRootGroup;
			path = Extensions;
			sourceTree = "<group>";
		};
		F5887C362D53717100746AD0 /* View */ = {
			isa = PBXFileSystemSynchronizedRootGroup;
			path = View;
			sourceTree = "<group>";
		};
		F5887C452D53881B00746AD0 /* View */ = {
			isa = PBXFileSystemSynchronizedRootGroup;
			path = View;
			sourceTree = "<group>";
		};
		F5887C4C2D53958000746AD0 /* Buttons */ = {
			isa = PBXFileSystemSynchronizedRootGroup;
			path = Buttons;
			sourceTree = "<group>";
		};
		F5A4F6F82D551F8400B9D8B3 /* AllTaskView */ = {
			isa = PBXFileSystemSynchronizedRootGroup;
			path = AllTaskView;
			sourceTree = "<group>";
		};
		F5C2A45D2D54C57E004547AD /* TextFields */ = {
			isa = PBXFileSystemSynchronizedRootGroup;
			path = TextFields;
			sourceTree = "<group>";
		};
		F5C2A45E2D54C586004547AD /* Other */ = {
			isa = PBXFileSystemSynchronizedRootGroup;
			path = Other;
			sourceTree = "<group>";
		};
		F5C2A4692D54C64C004547AD /* AddNewTask */ = {
			isa = PBXFileSystemSynchronizedRootGroup;
			path = AddNewTask;
			sourceTree = "<group>";
		};
/* End PBXFileSystemSynchronizedRootGroup section */

/* Begin PBXFrameworksBuildPhase section */
		F5887C0A2D5364AC00746AD0 /* Frameworks */ = {
			isa = PBXFrameworksBuildPhase;
			buildActionMask = 2147483647;
			files = (
			);
			runOnlyForDeploymentPostprocessing = 0;
		};
/* End PBXFrameworksBuildPhase section */

/* Begin PBXGroup section */
		F5887C042D5364AC00746AD0 = {
			isa = PBXGroup;
			children = (
				F5887C312D53713F00746AD0 /* ToDoList */,
				F5887C0E2D5364AC00746AD0 /* Products */,
			);
			sourceTree = "<group>";
		};
		F5887C0E2D5364AC00746AD0 /* Products */ = {
			isa = PBXGroup;
			children = (
				F5887C0D2D5364AC00746AD0 /* ToDoList.app */,
			);
			name = Products;
			sourceTree = "<group>";
		};
		F5887C262D53713F00746AD0 /* App */ = {
			isa = PBXGroup;
			children = (
				F5887C252D53713F00746AD0 /* ToDoListApp.swift */,
			);
			path = App;
			sourceTree = "<group>";
		};
		F5887C272D53713F00746AD0 /* SharedComponents */ = {
			isa = PBXGroup;
			children = (
				F5C2A45E2D54C586004547AD /* Other */,
				F5C2A45D2D54C57E004547AD /* TextFields */,
				F5887C4C2D53958000746AD0 /* Buttons */,
			);
			path = SharedComponents;
			sourceTree = "<group>";
		};
		F5887C282D53713F00746AD0 /* Login */ = {
			isa = PBXGroup;
			children = (
				F5887C452D53881B00746AD0 /* View */,
			);
			path = Login;
			sourceTree = "<group>";
		};
		F5887C292D53713F00746AD0 /* Onboarding */ = {
			isa = PBXGroup;
			children = (
				F5887C362D53717100746AD0 /* View */,
			);
			path = Onboarding;
			sourceTree = "<group>";
		};
		F5887C2A2D53713F00746AD0 /* Root */ = {
			isa = PBXGroup;
			children = (
				F5887C4F2D53970700746AD0 /* RootView.swift */,
				F5887C512D53980400746AD0 /* Router.swift */,
			);
			path = Root;
			sourceTree = "<group>";
		};
		F5887C2B2D53713F00746AD0 /* Core */ = {
			isa = PBXGroup;
			children = (
				F5A4F6F82D551F8400B9D8B3 /* AllTaskView */,
				F5C2A4692D54C64C004547AD /* AddNewTask */,
				F5887C2A2D53713F00746AD0 /* Root */,
				F5887C292D53713F00746AD0 /* Onboarding */,
				F5887C282D53713F00746AD0 /* Login */,
			);
			path = Core;
			sourceTree = "<group>";
		};
		F5887C2D2D53713F00746AD0 /* Preview Content */ = {
			isa = PBXGroup;
			children = (
				F5887C2C2D53713F00746AD0 /* Preview Assets.xcassets */,
			);
			path = "Preview Content";
			sourceTree = "<group>";
		};
		F5887C2F2D53713F00746AD0 /* Resources */ = {
			isa = PBXGroup;
			children = (
				F5887C2E2D53713F00746AD0 /* Assets.xcassets */,
			);
			path = Resources;
			sourceTree = "<group>";
		};
		F5887C312D53713F00746AD0 /* ToDoList */ = {
			isa = PBXGroup;
			children = (
				F57AD1A12D55E75500D8916D /* Extensions */,
				F5887C262D53713F00746AD0 /* App */,
				F5887C272D53713F00746AD0 /* SharedComponents */,
				F5887C2B2D53713F00746AD0 /* Core */,
				F5887C3B2D53733800746AD0 /* Model */,
				F5887C2D2D53713F00746AD0 /* Preview Content */,
				F5887C2F2D53713F00746AD0 /* Resources */,
			);
			path = ToDoList;
			sourceTree = "<group>";
		};
		F5887C3B2D53733800746AD0 /* Model */ = {
			isa = PBXGroup;
			children = (
				F5887C3C2D53754A00746AD0 /* OnboardingStep.swift */,
				F5C2A4902D551A00004547AD /* Category.swift */,
				F57AD19B2D55E13400D8916D /* ToDoItem.swift */,
			);
			path = Model;
			sourceTree = "<group>";
		};
/* End PBXGroup section */

/* Begin PBXNativeTarget section */
		F5887C0C2D5364AC00746AD0 /* ToDoList */ = {
			isa = PBXNativeTarget;
			buildConfigurationList = F5887C1B2D5364AE00746AD0 /* Build configuration list for PBXNativeTarget "ToDoList" */;
			buildPhases = (
				F5887C092D5364AC00746AD0 /* Sources */,
				F5887C0A2D5364AC00746AD0 /* Frameworks */,
				F5887C0B2D5364AC00746AD0 /* Resources */,
			);
			buildRules = (
			);
			dependencies = (
			);
			fileSystemSynchronizedGroups = (
				F57AD1A12D55E75500D8916D /* Extensions */,
				F5887C362D53717100746AD0 /* View */,
				F5887C452D53881B00746AD0 /* View */,
				F5887C4C2D53958000746AD0 /* Buttons */,
				F5A4F6F82D551F8400B9D8B3 /* AllTaskView */,
				F5C2A45D2D54C57E004547AD /* TextFields */,
				F5C2A45E2D54C586004547AD /* Other */,
				F5C2A4692D54C64C004547AD /* AddNewTask */,
			);
			name = ToDoList;
			packageProductDependencies = (
			);
			productName = ToDoList;
			productReference = F5887C0D2D5364AC00746AD0 /* ToDoList.app */;
			productType = "com.apple.product-type.application";
		};
/* End PBXNativeTarget section */

/* Begin PBXProject section */
		F5887C052D5364AC00746AD0 /* Project object */ = {
			isa = PBXProject;
			attributes = {
				BuildIndependentTargetsInParallel = 1;
				LastSwiftUpdateCheck = 1620;
				LastUpgradeCheck = 1620;
				TargetAttributes = {
					F5887C0C2D5364AC00746AD0 = {
						CreatedOnToolsVersion = 16.2;
					};
				};
			};
			buildConfigurationList = F5887C082D5364AC00746AD0 /* Build configuration list for PBXProject "ToDoList" */;
			developmentRegion = en;
			hasScannedForEncodings = 0;
			knownRegions = (
				en,
				Base,
			);
			mainGroup = F5887C042D5364AC00746AD0;
			minimizedProjectReferenceProxies = 1;
			preferredProjectObjectVersion = 77;
			productRefGroup = F5887C0E2D5364AC00746AD0 /* Products */;
			projectDirPath = "";
			projectRoot = "";
			targets = (
				F5887C0C2D5364AC00746AD0 /* ToDoList */,
			);
		};
/* End PBXProject section */

/* Begin PBXResourcesBuildPhase section */
		F5887C0B2D5364AC00746AD0 /* Resources */ = {
			isa = PBXResourcesBuildPhase;
			buildActionMask = 2147483647;
			files = (
				F5887C322D53713F00746AD0 /* Preview Assets.xcassets in Resources */,
				F5887C332D53713F00746AD0 /* Assets.xcassets in Resources */,
			);
			runOnlyForDeploymentPostprocessing = 0;
		};
/* End PBXResourcesBuildPhase section */

/* Begin PBXSourcesBuildPhase section */
		F5887C092D5364AC00746AD0 /* Sources */ = {
			isa = PBXSourcesBuildPhase;
			buildActionMask = 2147483647;
			files = (
				F5887C3D2D53754A00746AD0 /* OnboardingStep.swift in Sources */,
				F5887C342D53713F00746AD0 /* ToDoListApp.swift in Sources */,
				F5C2A4912D551A00004547AD /* Category.swift in Sources */,
				F5887C522D53980400746AD0 /* Router.swift in Sources */,
				F57AD19C2D55E13400D8916D /* ToDoItem.swift in Sources */,
				F5887C502D53970700746AD0 /* RootView.swift in Sources */,
			);
			runOnlyForDeploymentPostprocessing = 0;
		};
/* End PBXSourcesBuildPhase section */

/* Begin XCBuildConfiguration section */
		F5887C192D5364AE00746AD0 /* Debug */ = {
			isa = XCBuildConfiguration;
			buildSettings = {
				ALWAYS_SEARCH_USER_PATHS = NO;
				ASSETCATALOG_COMPILER_GENERATE_SWIFT_ASSET_SYMBOL_EXTENSIONS = YES;
				CLANG_ANALYZER_NONNULL = YES;
				CLANG_ANALYZER_NUMBER_OBJECT_CONVERSION = YES_AGGRESSIVE;
				CLANG_CXX_LANGUAGE_STANDARD = "gnu++20";
				CLANG_ENABLE_MODULES = YES;
				CLANG_ENABLE_OBJC_ARC = YES;
				CLANG_ENABLE_OBJC_WEAK = YES;
				CLANG_WARN_BLOCK_CAPTURE_AUTORELEASING = YES;
				CLANG_WARN_BOOL_CONVERSION = YES;
				CLANG_WARN_COMMA = YES;
				CLANG_WARN_CONSTANT_CONVERSION = YES;
				CLANG_WARN_DEPRECATED_OBJC_IMPLEMENTATIONS = YES;
				CLANG_WARN_DIRECT_OBJC_ISA_USAGE = YES_ERROR;
				CLANG_WARN_DOCUMENTATION_COMMENTS = YES;
				CLANG_WARN_EMPTY_BODY = YES;
				CLANG_WARN_ENUM_CONVERSION = YES;
				CLANG_WARN_INFINITE_RECURSION = YES;
				CLANG_WARN_INT_CONVERSION = YES;
				CLANG_WARN_NON_LITERAL_NULL_CONVERSION = YES;
				CLANG_WARN_OBJC_IMPLICIT_RETAIN_SELF = YES;
				CLANG_WARN_OBJC_LITERAL_CONVERSION = YES;
				CLANG_WARN_OBJC_ROOT_CLASS = YES_ERROR;
				CLANG_WARN_QUOTED_INCLUDE_IN_FRAMEWORK_HEADER = YES;
				CLANG_WARN_RANGE_LOOP_ANALYSIS = YES;
				CLANG_WARN_STRICT_PROTOTYPES = YES;
				CLANG_WARN_SUSPICIOUS_MOVE = YES;
				CLANG_WARN_UNGUARDED_AVAILABILITY = YES_AGGRESSIVE;
				CLANG_WARN_UNREACHABLE_CODE = YES;
				CLANG_WARN__DUPLICATE_METHOD_MATCH = YES;
				COPY_PHASE_STRIP = NO;
				DEBUG_INFORMATION_FORMAT = dwarf;
				ENABLE_STRICT_OBJC_MSGSEND = YES;
				ENABLE_TESTABILITY = YES;
				ENABLE_USER_SCRIPT_SANDBOXING = YES;
				GCC_C_LANGUAGE_STANDARD = gnu17;
				GCC_DYNAMIC_NO_PIC = NO;
				GCC_NO_COMMON_BLOCKS = YES;
				GCC_OPTIMIZATION_LEVEL = 0;
				GCC_PREPROCESSOR_DEFINITIONS = (
					"DEBUG=1",
					"$(inherited)",
				);
				GCC_WARN_64_TO_32_BIT_CONVERSION = YES;
				GCC_WARN_ABOUT_RETURN_TYPE = YES_ERROR;
				GCC_WARN_UNDECLARED_SELECTOR = YES;
				GCC_WARN_UNINITIALIZED_AUTOS = YES_AGGRESSIVE;
				GCC_WARN_UNUSED_FUNCTION = YES;
				GCC_WARN_UNUSED_VARIABLE = YES;
				IPHONEOS_DEPLOYMENT_TARGET = 18.2;
				LOCALIZATION_PREFERS_STRING_CATALOGS = YES;
				MTL_ENABLE_DEBUG_INFO = INCLUDE_SOURCE;
				MTL_FAST_MATH = YES;
				ONLY_ACTIVE_ARCH = YES;
				SDKROOT = iphoneos;
				SWIFT_ACTIVE_COMPILATION_CONDITIONS = "DEBUG $(inherited)";
				SWIFT_OPTIMIZATION_LEVEL = "-Onone";
			};
			name = Debug;
		};
		F5887C1A2D5364AE00746AD0 /* Release */ = {
			isa = XCBuildConfiguration;
			buildSettings = {
				ALWAYS_SEARCH_USER_PATHS = NO;
				ASSETCATALOG_COMPILER_GENERATE_SWIFT_ASSET_SYMBOL_EXTENSIONS = YES;
				CLANG_ANALYZER_NONNULL = YES;
				CLANG_ANALYZER_NUMBER_OBJECT_CONVERSION = YES_AGGRESSIVE;
				CLANG_CXX_LANGUAGE_STANDARD = "gnu++20";
				CLANG_ENABLE_MODULES = YES;
				CLANG_ENABLE_OBJC_ARC = YES;
				CLANG_ENABLE_OBJC_WEAK = YES;
				CLANG_WARN_BLOCK_CAPTURE_AUTORELEASING = YES;
				CLANG_WARN_BOOL_CONVERSION = YES;
				CLANG_WARN_COMMA = YES;
				CLANG_WARN_CONSTANT_CONVERSION = YES;
				CLANG_WARN_DEPRECATED_OBJC_IMPLEMENTATIONS = YES;
				CLANG_WARN_DIRECT_OBJC_ISA_USAGE = YES_ERROR;
				CLANG_WARN_DOCUMENTATION_COMMENTS = YES;
				CLANG_WARN_EMPTY_BODY = YES;
				CLANG_WARN_ENUM_CONVERSION = YES;
				CLANG_WARN_INFINITE_RECURSION = YES;
				CLANG_WARN_INT_CONVERSION = YES;
				CLANG_WARN_NON_LITERAL_NULL_CONVERSION = YES;
				CLANG_WARN_OBJC_IMPLICIT_RETAIN_SELF = YES;
				CLANG_WARN_OBJC_LITERAL_CONVERSION = YES;
				CLANG_WARN_OBJC_ROOT_CLASS = YES_ERROR;
				CLANG_WARN_QUOTED_INCLUDE_IN_FRAMEWORK_HEADER = YES;
				CLANG_WARN_RANGE_LOOP_ANALYSIS = YES;
				CLANG_WARN_STRICT_PROTOTYPES = YES;
				CLANG_WARN_SUSPICIOUS_MOVE = YES;
				CLANG_WARN_UNGUARDED_AVAILABILITY = YES_AGGRESSIVE;
				CLANG_WARN_UNREACHABLE_CODE = YES;
				CLANG_WARN__DUPLICATE_METHOD_MATCH = YES;
				COPY_PHASE_STRIP = NO;
				DEBUG_INFORMATION_FORMAT = "dwarf-with-dsym";
				ENABLE_NS_ASSERTIONS = NO;
				ENABLE_STRICT_OBJC_MSGSEND = YES;
				ENABLE_USER_SCRIPT_SANDBOXING = YES;
				GCC_C_LANGUAGE_STANDARD = gnu17;
				GCC_NO_COMMON_BLOCKS = YES;
				GCC_WARN_64_TO_32_BIT_CONVERSION = YES;
				GCC_WARN_ABOUT_RETURN_TYPE = YES_ERROR;
				GCC_WARN_UNDECLARED_SELECTOR = YES;
				GCC_WARN_UNINITIALIZED_AUTOS = YES_AGGRESSIVE;
				GCC_WARN_UNUSED_FUNCTION = YES;
				GCC_WARN_UNUSED_VARIABLE = YES;
				IPHONEOS_DEPLOYMENT_TARGET = 18.2;
				LOCALIZATION_PREFERS_STRING_CATALOGS = YES;
				MTL_ENABLE_DEBUG_INFO = NO;
				MTL_FAST_MATH = YES;
				SDKROOT = iphoneos;
				SWIFT_COMPILATION_MODE = wholemodule;
				VALIDATE_PRODUCT = YES;
			};
			name = Release;
		};
		F5887C1C2D5364AE00746AD0 /* Debug */ = {
			isa = XCBuildConfiguration;
			buildSettings = {
				ASSETCATALOG_COMPILER_APPICON_NAME = AppIcon;
				ASSETCATALOG_COMPILER_GLOBAL_ACCENT_COLOR_NAME = AccentColor;
				CODE_SIGN_STYLE = Automatic;
				CURRENT_PROJECT_VERSION = 1;
				DEVELOPMENT_ASSET_PATHS = "\"ToDoList/Preview Content\"";
				DEVELOPMENT_TEAM = T89868475G;
				ENABLE_PREVIEWS = YES;
				GENERATE_INFOPLIST_FILE = YES;
				INFOPLIST_KEY_CFBundleDisplayName = "To Do";
				INFOPLIST_KEY_UIApplicationSceneManifest_Generation = YES;
				INFOPLIST_KEY_UIApplicationSupportsIndirectInputEvents = YES;
				INFOPLIST_KEY_UILaunchScreen_Generation = YES;
				INFOPLIST_KEY_UISupportedInterfaceOrientations_iPad = "UIInterfaceOrientationPortrait UIInterfaceOrientationPortraitUpsideDown UIInterfaceOrientationLandscapeLeft UIInterfaceOrientationLandscapeRight";
				INFOPLIST_KEY_UISupportedInterfaceOrientations_iPhone = "UIInterfaceOrientationPortrait UIInterfaceOrientationLandscapeLeft UIInterfaceOrientationLandscapeRight";
				LD_RUNPATH_SEARCH_PATHS = (
					"$(inherited)",
					"@executable_path/Frameworks",
				);
				MARKETING_VERSION = 1.0;
				PRODUCT_BUNDLE_IDENTIFIER = com.abdullaharslan.ToDoList;
				PRODUCT_NAME = "$(TARGET_NAME)";
				SWIFT_EMIT_LOC_STRINGS = YES;
				SWIFT_VERSION = 5.0;
				TARGETED_DEVICE_FAMILY = "1,2";
			};
			name = Debug;
		};
		F5887C1D2D5364AE00746AD0 /* Release */ = {
			isa = XCBuildConfiguration;
			buildSettings = {
				ASSETCATALOG_COMPILER_APPICON_NAME = AppIcon;
				ASSETCATALOG_COMPILER_GLOBAL_ACCENT_COLOR_NAME = AccentColor;
				CODE_SIGN_STYLE = Automatic;
				CURRENT_PROJECT_VERSION = 1;
				DEVELOPMENT_ASSET_PATHS = "\"ToDoList/Preview Content\"";
				DEVELOPMENT_TEAM = T89868475G;
				ENABLE_PREVIEWS = YES;
				GENERATE_INFOPLIST_FILE = YES;
				INFOPLIST_KEY_CFBundleDisplayName = "To Do";
				INFOPLIST_KEY_UIApplicationSceneManifest_Generation = YES;
				INFOPLIST_KEY_UIApplicationSupportsIndirectInputEvents = YES;
				INFOPLIST_KEY_UILaunchScreen_Generation = YES;
				INFOPLIST_KEY_UISupportedInterfaceOrientations_iPad = "UIInterfaceOrientationPortrait UIInterfaceOrientationPortraitUpsideDown UIInterfaceOrientationLandscapeLeft UIInterfaceOrientationLandscapeRight";
				INFOPLIST_KEY_UISupportedInterfaceOrientations_iPhone = "UIInterfaceOrientationPortrait UIInterfaceOrientationLandscapeLeft UIInterfaceOrientationLandscapeRight";
				LD_RUNPATH_SEARCH_PATHS = (
					"$(inherited)",
					"@executable_path/Frameworks",
				);
				MARKETING_VERSION = 1.0;
				PRODUCT_BUNDLE_IDENTIFIER = com.abdullaharslan.ToDoList;
				PRODUCT_NAME = "$(TARGET_NAME)";
				SWIFT_EMIT_LOC_STRINGS = YES;
				SWIFT_VERSION = 5.0;
				TARGETED_DEVICE_FAMILY = "1,2";
			};
			name = Release;
		};
/* End XCBuildConfiguration section */

/* Begin XCConfigurationList section */
		F5887C082D5364AC00746AD0 /* Build configuration list for PBXProject "ToDoList" */ = {
			isa = XCConfigurationList;
			buildConfigurations = (
				F5887C192D5364AE00746AD0 /* Debug */,
				F5887C1A2D5364AE00746AD0 /* Release */,
			);
			defaultConfigurationIsVisible = 0;
			defaultConfigurationName = Release;
		};
		F5887C1B2D5364AE00746AD0 /* Build configuration list for PBXNativeTarget "ToDoList" */ = {
			isa = XCConfigurationList;
			buildConfigurations = (
				F5887C1C2D5364AE00746AD0 /* Debug */,
				F5887C1D2D5364AE00746AD0 /* Release */,
			);
			defaultConfigurationIsVisible = 0;
			defaultConfigurationName = Release;
		};
/* End XCConfigurationList section */
	};
	rootObject = F5887C052D5364AC00746AD0 /* Project object */;
}
